// !$*UTF8*$!
{
	archiveVersion = 1;
	classes = {
	};
	objectVersion = 46;
	objects = {

/* Begin PBXBuildFile section */
		825260331EB29463008292B2 /* ArtQRViewController.swift in Sources */ = {isa = PBXBuildFile; fileRef = 825260321EB29463008292B2 /* ArtQRViewController.swift */; };
		82EBC1881EA6CC1F008A7725 /* AppDelegate.swift in Sources */ = {isa = PBXBuildFile; fileRef = 82EBC1871EA6CC1F008A7725 /* AppDelegate.swift */; };
		82EBC18A1EA6CC1F008A7725 /* ViewController.swift in Sources */ = {isa = PBXBuildFile; fileRef = 82EBC1891EA6CC1F008A7725 /* ViewController.swift */; };
		82EBC18D1EA6CC1F008A7725 /* Main.storyboard in Resources */ = {isa = PBXBuildFile; fileRef = 82EBC18B1EA6CC1F008A7725 /* Main.storyboard */; };
		82EBC18F1EA6CC1F008A7725 /* Assets.xcassets in Resources */ = {isa = PBXBuildFile; fileRef = 82EBC18E1EA6CC1F008A7725 /* Assets.xcassets */; };
		82EBC19D1EA6CC1F008A7725 /* _NtryTests.swift in Sources */ = {isa = PBXBuildFile; fileRef = 82EBC19C1EA6CC1F008A7725 /* _NtryTests.swift */; };
		82EBC1A81EA6CC1F008A7725 /* _NtryUITests.swift in Sources */ = {isa = PBXBuildFile; fileRef = 82EBC1A71EA6CC1F008A7725 /* _NtryUITests.swift */; };
		82EBC1B61EA6CCBC008A7725 /* HomeViewController.swift in Sources */ = {isa = PBXBuildFile; fileRef = 82EBC1B51EA6CCBC008A7725 /* HomeViewController.swift */; };
		82EBC1B81EA6CCD5008A7725 /* ClientsTableViewController.swift in Sources */ = {isa = PBXBuildFile; fileRef = 82EBC1B71EA6CCD5008A7725 /* ClientsTableViewController.swift */; };
		82EBC1BA1EA6CD6D008A7725 /* ArtTableViewController.swift in Sources */ = {isa = PBXBuildFile; fileRef = 82EBC1B91EA6CD6D008A7725 /* ArtTableViewController.swift */; };
		82EBC1BF1EA6CF21008A7725 /* SWRevealViewController.m in Sources */ = {isa = PBXBuildFile; fileRef = 82EBC1BE1EA6CF21008A7725 /* SWRevealViewController.m */; };
		82EBC1C11EA6CFCE008A7725 /* MenuTableViewController.swift in Sources */ = {isa = PBXBuildFile; fileRef = 82EBC1C01EA6CFCE008A7725 /* MenuTableViewController.swift */; };
		82EBC1C81EA6E502008A7725 /* ScanViewController.swift in Sources */ = {isa = PBXBuildFile; fileRef = 82EBC1C71EA6E502008A7725 /* ScanViewController.swift */; };
		82EBC1CA1EA6E514008A7725 /* AddViewController.swift in Sources */ = {isa = PBXBuildFile; fileRef = 82EBC1C91EA6E514008A7725 /* AddViewController.swift */; };
		82EBC1CC1EA6E51E008A7725 /* SettingsViewController.swift in Sources */ = {isa = PBXBuildFile; fileRef = 82EBC1CB1EA6E51E008A7725 /* SettingsViewController.swift */; };
		82F5BDF01EB7166600DA32FC /* LocationQRViewController.swift in Sources */ = {isa = PBXBuildFile; fileRef = 82F5BDEF1EB7166600DA32FC /* LocationQRViewController.swift */; };
/* End PBXBuildFile section */

/* Begin PBXContainerItemProxy section */
		82EBC1991EA6CC1F008A7725 /* PBXContainerItemProxy */ = {
			isa = PBXContainerItemProxy;
			containerPortal = 82EBC17C1EA6CC1F008A7725 /* Project object */;
			proxyType = 1;
			remoteGlobalIDString = 82EBC1831EA6CC1F008A7725;
			remoteInfo = "'Ntry";
		};
		82EBC1A41EA6CC1F008A7725 /* PBXContainerItemProxy */ = {
			isa = PBXContainerItemProxy;
			containerPortal = 82EBC17C1EA6CC1F008A7725 /* Project object */;
			proxyType = 1;
			remoteGlobalIDString = 82EBC1831EA6CC1F008A7725;
			remoteInfo = "'Ntry";
		};
/* End PBXContainerItemProxy section */

/* Begin PBXFileReference section */
		825260321EB29463008292B2 /* ArtQRViewController.swift */ = {isa = PBXFileReference; fileEncoding = 4; lastKnownFileType = sourcecode.swift; path = ArtQRViewController.swift; sourceTree = "<group>"; };
		82EBC1841EA6CC1F008A7725 /* 'Ntry.app */ = {isa = PBXFileReference; explicitFileType = wrapper.application; includeInIndex = 0; path = "'Ntry.app"; sourceTree = BUILT_PRODUCTS_DIR; };
		82EBC1871EA6CC1F008A7725 /* AppDelegate.swift */ = {isa = PBXFileReference; lastKnownFileType = sourcecode.swift; path = AppDelegate.swift; sourceTree = "<group>"; };
		82EBC1891EA6CC1F008A7725 /* ViewController.swift */ = {isa = PBXFileReference; lastKnownFileType = sourcecode.swift; path = ViewController.swift; sourceTree = "<group>"; };
		82EBC18C1EA6CC1F008A7725 /* Base */ = {isa = PBXFileReference; lastKnownFileType = file.storyboard; name = Base; path = Base.lproj/Main.storyboard; sourceTree = "<group>"; };
		82EBC18E1EA6CC1F008A7725 /* Assets.xcassets */ = {isa = PBXFileReference; lastKnownFileType = folder.assetcatalog; path = Assets.xcassets; sourceTree = "<group>"; };
		82EBC1931EA6CC1F008A7725 /* Info.plist */ = {isa = PBXFileReference; lastKnownFileType = text.plist.xml; path = Info.plist; sourceTree = "<group>"; };
		82EBC1981EA6CC1F008A7725 /* 'NtryTests.xctest */ = {isa = PBXFileReference; explicitFileType = wrapper.cfbundle; includeInIndex = 0; path = "'NtryTests.xctest"; sourceTree = BUILT_PRODUCTS_DIR; };
		82EBC19C1EA6CC1F008A7725 /* _NtryTests.swift */ = {isa = PBXFileReference; lastKnownFileType = sourcecode.swift; path = _NtryTests.swift; sourceTree = "<group>"; };
		82EBC19E1EA6CC1F008A7725 /* Info.plist */ = {isa = PBXFileReference; lastKnownFileType = text.plist.xml; path = Info.plist; sourceTree = "<group>"; };
		82EBC1A31EA6CC1F008A7725 /* 'NtryUITests.xctest */ = {isa = PBXFileReference; explicitFileType = wrapper.cfbundle; includeInIndex = 0; path = "'NtryUITests.xctest"; sourceTree = BUILT_PRODUCTS_DIR; };
		82EBC1A71EA6CC1F008A7725 /* _NtryUITests.swift */ = {isa = PBXFileReference; lastKnownFileType = sourcecode.swift; path = _NtryUITests.swift; sourceTree = "<group>"; };
		82EBC1A91EA6CC1F008A7725 /* Info.plist */ = {isa = PBXFileReference; lastKnownFileType = text.plist.xml; path = Info.plist; sourceTree = "<group>"; };
		82EBC1B51EA6CCBC008A7725 /* HomeViewController.swift */ = {isa = PBXFileReference; fileEncoding = 4; lastKnownFileType = sourcecode.swift; path = HomeViewController.swift; sourceTree = "<group>"; };
		82EBC1B71EA6CCD5008A7725 /* ClientsTableViewController.swift */ = {isa = PBXFileReference; fileEncoding = 4; lastKnownFileType = sourcecode.swift; path = ClientsTableViewController.swift; sourceTree = "<group>"; };
		82EBC1B91EA6CD6D008A7725 /* ArtTableViewController.swift */ = {isa = PBXFileReference; fileEncoding = 4; lastKnownFileType = sourcecode.swift; path = ArtTableViewController.swift; sourceTree = "<group>"; };
		82EBC1BC1EA6CF20008A7725 /* 'Ntry-Bridging-Header.h */ = {isa = PBXFileReference; lastKnownFileType = sourcecode.c.h; path = "'Ntry-Bridging-Header.h"; sourceTree = "<group>"; };
		82EBC1BD1EA6CF21008A7725 /* SWRevealViewController.h */ = {isa = PBXFileReference; fileEncoding = 4; lastKnownFileType = sourcecode.c.h; path = SWRevealViewController.h; sourceTree = "<group>"; };
		82EBC1BE1EA6CF21008A7725 /* SWRevealViewController.m */ = {isa = PBXFileReference; fileEncoding = 4; lastKnownFileType = sourcecode.c.objc; path = SWRevealViewController.m; sourceTree = "<group>"; };
		82EBC1C01EA6CFCE008A7725 /* MenuTableViewController.swift */ = {isa = PBXFileReference; fileEncoding = 4; lastKnownFileType = sourcecode.swift; path = MenuTableViewController.swift; sourceTree = "<group>"; };
		82EBC1C71EA6E502008A7725 /* ScanViewController.swift */ = {isa = PBXFileReference; fileEncoding = 4; lastKnownFileType = sourcecode.swift; path = ScanViewController.swift; sourceTree = "<group>"; };
		82EBC1C91EA6E514008A7725 /* AddViewController.swift */ = {isa = PBXFileReference; fileEncoding = 4; lastKnownFileType = sourcecode.swift; path = AddViewController.swift; sourceTree = "<group>"; };
		82EBC1CB1EA6E51E008A7725 /* SettingsViewController.swift */ = {isa = PBXFileReference; fileEncoding = 4; lastKnownFileType = sourcecode.swift; path = SettingsViewController.swift; sourceTree = "<group>"; };
		82F5BDEF1EB7166600DA32FC /* LocationQRViewController.swift */ = {isa = PBXFileReference; fileEncoding = 4; lastKnownFileType = sourcecode.swift; path = LocationQRViewController.swift; sourceTree = "<group>"; };
/* End PBXFileReference section */

/* Begin PBXFrameworksBuildPhase section */
		82EBC1811EA6CC1F008A7725 /* Frameworks */ = {
			isa = PBXFrameworksBuildPhase;
			buildActionMask = 2147483647;
			files = (
			);
			runOnlyForDeploymentPostprocessing = 0;
		};
		82EBC1951EA6CC1F008A7725 /* Frameworks */ = {
			isa = PBXFrameworksBuildPhase;
			buildActionMask = 2147483647;
			files = (
			);
			runOnlyForDeploymentPostprocessing = 0;
		};
		82EBC1A01EA6CC1F008A7725 /* Frameworks */ = {
			isa = PBXFrameworksBuildPhase;
			buildActionMask = 2147483647;
			files = (
			);
			runOnlyForDeploymentPostprocessing = 0;
		};
/* End PBXFrameworksBuildPhase section */

/* Begin PBXGroup section */
		82EBC17B1EA6CC1F008A7725 = {
			isa = PBXGroup;
			children = (
				82EBC1861EA6CC1F008A7725 /* 'Ntry */,
				82EBC19B1EA6CC1F008A7725 /* 'NtryTests */,
				82EBC1A61EA6CC1F008A7725 /* 'NtryUITests */,
				82EBC1851EA6CC1F008A7725 /* Products */,
			);
			sourceTree = "<group>";
		};
		82EBC1851EA6CC1F008A7725 /* Products */ = {
			isa = PBXGroup;
			children = (
				82EBC1841EA6CC1F008A7725 /* 'Ntry.app */,
				82EBC1981EA6CC1F008A7725 /* 'NtryTests.xctest */,
				82EBC1A31EA6CC1F008A7725 /* 'NtryUITests.xctest */,
			);
			name = Products;
			sourceTree = "<group>";
		};
		82EBC1861EA6CC1F008A7725 /* 'Ntry */ = {
			isa = PBXGroup;
			children = (
				82EBC18B1EA6CC1F008A7725 /* Main.storyboard */,
				82EBC1871EA6CC1F008A7725 /* AppDelegate.swift */,
				82EBC1891EA6CC1F008A7725 /* ViewController.swift */,
				82EBC1C01EA6CFCE008A7725 /* MenuTableViewController.swift */,
				82EBC1B51EA6CCBC008A7725 /* HomeViewController.swift */,
				82EBC1B71EA6CCD5008A7725 /* ClientsTableViewController.swift */,
				82EBC1B91EA6CD6D008A7725 /* ArtTableViewController.swift */,
				82EBC1C71EA6E502008A7725 /* ScanViewController.swift */,
				82F5BDEF1EB7166600DA32FC /* LocationQRViewController.swift */,
				825260321EB29463008292B2 /* ArtQRViewController.swift */,
				82EBC1C91EA6E514008A7725 /* AddViewController.swift */,
				82EBC1CB1EA6E51E008A7725 /* SettingsViewController.swift */,
				82EBC1931EA6CC1F008A7725 /* Info.plist */,
				82EBC18E1EA6CC1F008A7725 /* Assets.xcassets */,
				82EBC1BB1EA6CEFC008A7725 /* SWReveal */,
			);
			path = "'Ntry";
			sourceTree = "<group>";
		};
		82EBC19B1EA6CC1F008A7725 /* 'NtryTests */ = {
			isa = PBXGroup;
			children = (
				82EBC19C1EA6CC1F008A7725 /* _NtryTests.swift */,
				82EBC19E1EA6CC1F008A7725 /* Info.plist */,
			);
			path = "'NtryTests";
			sourceTree = "<group>";
		};
		82EBC1A61EA6CC1F008A7725 /* 'NtryUITests */ = {
			isa = PBXGroup;
			children = (
				82EBC1A71EA6CC1F008A7725 /* _NtryUITests.swift */,
				82EBC1A91EA6CC1F008A7725 /* Info.plist */,
			);
			path = "'NtryUITests";
			sourceTree = "<group>";
		};
		82EBC1BB1EA6CEFC008A7725 /* SWReveal */ = {
			isa = PBXGroup;
			children = (
				82EBC1BD1EA6CF21008A7725 /* SWRevealViewController.h */,
				82EBC1BE1EA6CF21008A7725 /* SWRevealViewController.m */,
				82EBC1BC1EA6CF20008A7725 /* 'Ntry-Bridging-Header.h */,
			);
			name = SWReveal;
			sourceTree = "<group>";
		};
/* End PBXGroup section */

/* Begin PBXNativeTarget section */
		82EBC1831EA6CC1F008A7725 /* 'Ntry */ = {
			isa = PBXNativeTarget;
			buildConfigurationList = 82EBC1AC1EA6CC1F008A7725 /* Build configuration list for PBXNativeTarget "'Ntry" */;
			buildPhases = (
				82EBC1801EA6CC1F008A7725 /* Sources */,
				82EBC1811EA6CC1F008A7725 /* Frameworks */,
				82EBC1821EA6CC1F008A7725 /* Resources */,
			);
			buildRules = (
			);
			dependencies = (
			);
			name = "'Ntry";
			productName = "'Ntry";
			productReference = 82EBC1841EA6CC1F008A7725 /* 'Ntry.app */;
			productType = "com.apple.product-type.application";
		};
		82EBC1971EA6CC1F008A7725 /* 'NtryTests */ = {
			isa = PBXNativeTarget;
			buildConfigurationList = 82EBC1AF1EA6CC1F008A7725 /* Build configuration list for PBXNativeTarget "'NtryTests" */;
			buildPhases = (
				82EBC1941EA6CC1F008A7725 /* Sources */,
				82EBC1951EA6CC1F008A7725 /* Frameworks */,
				82EBC1961EA6CC1F008A7725 /* Resources */,
			);
			buildRules = (
			);
			dependencies = (
				82EBC19A1EA6CC1F008A7725 /* PBXTargetDependency */,
			);
			name = "'NtryTests";
			productName = "'NtryTests";
			productReference = 82EBC1981EA6CC1F008A7725 /* 'NtryTests.xctest */;
			productType = "com.apple.product-type.bundle.unit-test";
		};
		82EBC1A21EA6CC1F008A7725 /* 'NtryUITests */ = {
			isa = PBXNativeTarget;
			buildConfigurationList = 82EBC1B21EA6CC1F008A7725 /* Build configuration list for PBXNativeTarget "'NtryUITests" */;
			buildPhases = (
				82EBC19F1EA6CC1F008A7725 /* Sources */,
				82EBC1A01EA6CC1F008A7725 /* Frameworks */,
				82EBC1A11EA6CC1F008A7725 /* Resources */,
			);
			buildRules = (
			);
			dependencies = (
				82EBC1A51EA6CC1F008A7725 /* PBXTargetDependency */,
			);
			name = "'NtryUITests";
			productName = "'NtryUITests";
			productReference = 82EBC1A31EA6CC1F008A7725 /* 'NtryUITests.xctest */;
			productType = "com.apple.product-type.bundle.ui-testing";
		};
/* End PBXNativeTarget section */

/* Begin PBXProject section */
		82EBC17C1EA6CC1F008A7725 /* Project object */ = {
			isa = PBXProject;
			attributes = {
				LastSwiftUpdateCheck = 0820;
				LastUpgradeCheck = 0820;
				ORGANIZATIONNAME = "Caroline Lai";
				TargetAttributes = {
					82EBC1831EA6CC1F008A7725 = {
						CreatedOnToolsVersion = 8.2.1;
						DevelopmentTeam = ALQS2S2FD4;
						LastSwiftMigration = 0820;
						ProvisioningStyle = Automatic;
					};
					82EBC1971EA6CC1F008A7725 = {
						CreatedOnToolsVersion = 8.2.1;
						ProvisioningStyle = Automatic;
						TestTargetID = 82EBC1831EA6CC1F008A7725;
					};
					82EBC1A21EA6CC1F008A7725 = {
						CreatedOnToolsVersion = 8.2.1;
						ProvisioningStyle = Automatic;
						TestTargetID = 82EBC1831EA6CC1F008A7725;
					};
				};
			};
			buildConfigurationList = 82EBC17F1EA6CC1F008A7725 /* Build configuration list for PBXProject "'Ntry" */;
			compatibilityVersion = "Xcode 3.2";
			developmentRegion = English;
			hasScannedForEncodings = 0;
			knownRegions = (
				en,
				Base,
			);
			mainGroup = 82EBC17B1EA6CC1F008A7725;
			productRefGroup = 82EBC1851EA6CC1F008A7725 /* Products */;
			projectDirPath = "";
			projectRoot = "";
			targets = (
				82EBC1831EA6CC1F008A7725 /* 'Ntry */,
				82EBC1971EA6CC1F008A7725 /* 'NtryTests */,
				82EBC1A21EA6CC1F008A7725 /* 'NtryUITests */,
			);
		};
/* End PBXProject section */

/* Begin PBXResourcesBuildPhase section */
		82EBC1821EA6CC1F008A7725 /* Resources */ = {
			isa = PBXResourcesBuildPhase;
			buildActionMask = 2147483647;
			files = (
				82EBC18F1EA6CC1F008A7725 /* Assets.xcassets in Resources */,
				82EBC18D1EA6CC1F008A7725 /* Main.storyboard in Resources */,
			);
			runOnlyForDeploymentPostprocessing = 0;
		};
		82EBC1961EA6CC1F008A7725 /* Resources */ = {
			isa = PBXResourcesBuildPhase;
			buildActionMask = 2147483647;
			files = (
			);
			runOnlyForDeploymentPostprocessing = 0;
		};
		82EBC1A11EA6CC1F008A7725 /* Resources */ = {
			isa = PBXResourcesBuildPhase;
			buildActionMask = 2147483647;
			files = (
			);
			runOnlyForDeploymentPostprocessing = 0;
		};
/* End PBXResourcesBuildPhase section */

/* Begin PBXSourcesBuildPhase section */
		82EBC1801EA6CC1F008A7725 /* Sources */ = {
			isa = PBXSourcesBuildPhase;
			buildActionMask = 2147483647;
			files = (
				82F5BDF01EB7166600DA32FC /* LocationQRViewController.swift in Sources */,
				82EBC18A1EA6CC1F008A7725 /* ViewController.swift in Sources */,
				82EBC1C11EA6CFCE008A7725 /* MenuTableViewController.swift in Sources */,
				825260331EB29463008292B2 /* ArtQRViewController.swift in Sources */,
				82EBC1CA1EA6E514008A7725 /* AddViewController.swift in Sources */,
				82EBC1CC1EA6E51E008A7725 /* SettingsViewController.swift in Sources */,
				82EBC1881EA6CC1F008A7725 /* AppDelegate.swift in Sources */,
				82EBC1B61EA6CCBC008A7725 /* HomeViewController.swift in Sources */,
				82EBC1B81EA6CCD5008A7725 /* ClientsTableViewController.swift in Sources */,
				82EBC1BA1EA6CD6D008A7725 /* ArtTableViewController.swift in Sources */,
				82EBC1BF1EA6CF21008A7725 /* SWRevealViewController.m in Sources */,
				82EBC1C81EA6E502008A7725 /* ScanViewController.swift in Sources */,
			);
			runOnlyForDeploymentPostprocessing = 0;
		};
		82EBC1941EA6CC1F008A7725 /* Sources */ = {
			isa = PBXSourcesBuildPhase;
			buildActionMask = 2147483647;
			files = (
				82EBC19D1EA6CC1F008A7725 /* _NtryTests.swift in Sources */,
			);
			runOnlyForDeploymentPostprocessing = 0;
		};
		82EBC19F1EA6CC1F008A7725 /* Sources */ = {
			isa = PBXSourcesBuildPhase;
			buildActionMask = 2147483647;
			files = (
				82EBC1A81EA6CC1F008A7725 /* _NtryUITests.swift in Sources */,
			);
			runOnlyForDeploymentPostprocessing = 0;
		};
/* End PBXSourcesBuildPhase section */

/* Begin PBXTargetDependency section */
		82EBC19A1EA6CC1F008A7725 /* PBXTargetDependency */ = {
			isa = PBXTargetDependency;
			target = 82EBC1831EA6CC1F008A7725 /* 'Ntry */;
			targetProxy = 82EBC1991EA6CC1F008A7725 /* PBXContainerItemProxy */;
		};
		82EBC1A51EA6CC1F008A7725 /* PBXTargetDependency */ = {
			isa = PBXTargetDependency;
			target = 82EBC1831EA6CC1F008A7725 /* 'Ntry */;
			targetProxy = 82EBC1A41EA6CC1F008A7725 /* PBXContainerItemProxy */;
		};
/* End PBXTargetDependency section */

/* Begin PBXVariantGroup section */
		82EBC18B1EA6CC1F008A7725 /* Main.storyboard */ = {
			isa = PBXVariantGroup;
			children = (
				82EBC18C1EA6CC1F008A7725 /* Base */,
			);
			name = Main.storyboard;
			sourceTree = "<group>";
		};
/* End PBXVariantGroup section */

/* Begin XCBuildConfiguration section */
		82EBC1AA1EA6CC1F008A7725 /* Debug */ = {
			isa = XCBuildConfiguration;
			buildSettings = {
				ALWAYS_SEARCH_USER_PATHS = NO;
				CLANG_ANALYZER_NONNULL = YES;
				CLANG_CXX_LANGUAGE_STANDARD = "gnu++0x";
				CLANG_CXX_LIBRARY = "libc++";
				CLANG_ENABLE_MODULES = YES;
				CLANG_ENABLE_OBJC_ARC = YES;
				CLANG_WARN_BOOL_CONVERSION = YES;
				CLANG_WARN_CONSTANT_CONVERSION = YES;
				CLANG_WARN_DIRECT_OBJC_ISA_USAGE = YES_ERROR;
				CLANG_WARN_DOCUMENTATION_COMMENTS = YES;
				CLANG_WARN_EMPTY_BODY = YES;
				CLANG_WARN_ENUM_CONVERSION = YES;
				CLANG_WARN_INFINITE_RECURSION = YES;
				CLANG_WARN_INT_CONVERSION = YES;
				CLANG_WARN_OBJC_ROOT_CLASS = YES_ERROR;
				CLANG_WARN_SUSPICIOUS_MOVE = YES;
				CLANG_WARN_UNREACHABLE_CODE = YES;
				CLANG_WARN__DUPLICATE_METHOD_MATCH = YES;
				"CODE_SIGN_IDENTITY[sdk=iphoneos*]" = "iPhone Developer";
				COPY_PHASE_STRIP = NO;
				DEBUG_INFORMATION_FORMAT = dwarf;
				ENABLE_STRICT_OBJC_MSGSEND = YES;
				ENABLE_TESTABILITY = YES;
				GCC_C_LANGUAGE_STANDARD = gnu99;
				GCC_DYNAMIC_NO_PIC = NO;
				GCC_NO_COMMON_BLOCKS = YES;
				GCC_OPTIMIZATION_LEVEL = 0;
				GCC_PREPROCESSOR_DEFINITIONS = (
					"DEBUG=1",
					"$(inherited)",
				);
				GCC_WARN_64_TO_32_BIT_CONVERSION = YES;
				GCC_WARN_ABOUT_RETURN_TYPE = YES_ERROR;
				GCC_WARN_UNDECLARED_SELECTOR = YES;
				GCC_WARN_UNINITIALIZED_AUTOS = YES_AGGRESSIVE;
				GCC_WARN_UNUSED_FUNCTION = YES;
				GCC_WARN_UNUSED_VARIABLE = YES;
				IPHONEOS_DEPLOYMENT_TARGET = 10.2;
				MTL_ENABLE_DEBUG_INFO = YES;
				ONLY_ACTIVE_ARCH = YES;
				SDKROOT = iphoneos;
				SWIFT_ACTIVE_COMPILATION_CONDITIONS = DEBUG;
				SWIFT_OPTIMIZATION_LEVEL = "-Onone";
			};
			name = Debug;
		};
		82EBC1AB1EA6CC1F008A7725 /* Release */ = {
			isa = XCBuildConfiguration;
			buildSettings = {
				ALWAYS_SEARCH_USER_PATHS = NO;
				CLANG_ANALYZER_NONNULL = YES;
				CLANG_CXX_LANGUAGE_STANDARD = "gnu++0x";
				CLANG_CXX_LIBRARY = "libc++";
				CLANG_ENABLE_MODULES = YES;
				CLANG_ENABLE_OBJC_ARC = YES;
				CLANG_WARN_BOOL_CONVERSION = YES;
				CLANG_WARN_CONSTANT_CONVERSION = YES;
				CLANG_WARN_DIRECT_OBJC_ISA_USAGE = YES_ERROR;
				CLANG_WARN_DOCUMENTATION_COMMENTS = YES;
				CLANG_WARN_EMPTY_BODY = YES;
				CLANG_WARN_ENUM_CONVERSION = YES;
				CLANG_WARN_INFINITE_RECURSION = YES;
				CLANG_WARN_INT_CONVERSION = YES;
				CLANG_WARN_OBJC_ROOT_CLASS = YES_ERROR;
				CLANG_WARN_SUSPICIOUS_MOVE = YES;
				CLANG_WARN_UNREACHABLE_CODE = YES;
				CLANG_WARN__DUPLICATE_METHOD_MATCH = YES;
				"CODE_SIGN_IDENTITY[sdk=iphoneos*]" = "iPhone Developer";
				COPY_PHASE_STRIP = NO;
				DEBUG_INFORMATION_FORMAT = "dwarf-with-dsym";
				ENABLE_NS_ASSERTIONS = NO;
				ENABLE_STRICT_OBJC_MSGSEND = YES;
				GCC_C_LANGUAGE_STANDARD = gnu99;
				GCC_NO_COMMON_BLOCKS = YES;
				GCC_WARN_64_TO_32_BIT_CONVERSION = YES;
				GCC_WARN_ABOUT_RETURN_TYPE = YES_ERROR;
				GCC_WARN_UNDECLARED_SELECTOR = YES;
				GCC_WARN_UNINITIALIZED_AUTOS = YES_AGGRESSIVE;
				GCC_WARN_UNUSED_FUNCTION = YES;
				GCC_WARN_UNUSED_VARIABLE = YES;
				IPHONEOS_DEPLOYMENT_TARGET = 10.2;
				MTL_ENABLE_DEBUG_INFO = NO;
				SDKROOT = iphoneos;
				SWIFT_OPTIMIZATION_LEVEL = "-Owholemodule";
				VALIDATE_PRODUCT = YES;
			};
			name = Release;
		};
		82EBC1AD1EA6CC1F008A7725 /* Debug */ = {
			isa = XCBuildConfiguration;
			buildSettings = {
				ASSETCATALOG_COMPILER_APPICON_NAME = AppIcon;
				CLANG_ENABLE_MODULES = YES;
				DEVELOPMENT_TEAM = ALQS2S2FD4;
				INFOPLIST_FILE = "'Ntry/Info.plist";
				IPHONEOS_DEPLOYMENT_TARGET = 9.3;
				LD_RUNPATH_SEARCH_PATHS = "$(inherited) @executable_path/Frameworks";
				PRODUCT_BUNDLE_IDENTIFIER = nyu.edu;
				PRODUCT_NAME = "$(TARGET_NAME)";
				SWIFT_OBJC_BRIDGING_HEADER = "'Ntry/'Ntry-Bridging-Header.h";
				SWIFT_OPTIMIZATION_LEVEL = "-Onone";
				SWIFT_VERSION = 3.0;
			};
			name = Debug;
		};
		82EBC1AE1EA6CC1F008A7725 /* Release */ = {
			isa = XCBuildConfiguration;
			buildSettings = {
				ASSETCATALOG_COMPILER_APPICON_NAME = AppIcon;
				CLANG_ENABLE_MODULES = YES;
				DEVELOPMENT_TEAM = ALQS2S2FD4;
				INFOPLIST_FILE = "'Ntry/Info.plist";
				IPHONEOS_DEPLOYMENT_TARGET = 9.3;
				LD_RUNPATH_SEARCH_PATHS = "$(inherited) @executable_path/Frameworks";
				PRODUCT_BUNDLE_IDENTIFIER = nyu.edu;
				PRODUCT_NAME = "$(TARGET_NAME)";
				SWIFT_OBJC_BRIDGING_HEADER = "'Ntry/'Ntry-Bridging-Header.h";
				SWIFT_VERSION = 3.0;
			};
			name = Release;
		};
		82EBC1B01EA6CC1F008A7725 /* Debug */ = {
			isa = XCBuildConfiguration;
			buildSettings = {
				ALWAYS_EMBED_SWIFT_STANDARD_LIBRARIES = YES;
				BUNDLE_LOADER = "$(TEST_HOST)";
				INFOPLIST_FILE = "'NtryTests/Info.plist";
				LD_RUNPATH_SEARCH_PATHS = "$(inherited) @executable_path/Frameworks @loader_path/Frameworks";
				PRODUCT_BUNDLE_IDENTIFIER = "nyu.edu.-NtryTests";
				PRODUCT_NAME = "$(TARGET_NAME)";
				SWIFT_VERSION = 3.0;
				TEST_HOST = "$(BUILT_PRODUCTS_DIR)/'Ntry.app/'Ntry";
			};
			name = Debug;
		};
		82EBC1B11EA6CC1F008A7725 /* Release */ = {
			isa = XCBuildConfiguration;
			buildSettings = {
				ALWAYS_EMBED_SWIFT_STANDARD_LIBRARIES = YES;
				BUNDLE_LOADER = "$(TEST_HOST)";
				INFOPLIST_FILE = "'NtryTests/Info.plist";
				LD_RUNPATH_SEARCH_PATHS = "$(inherited) @executable_path/Frameworks @loader_path/Frameworks";
				PRODUCT_BUNDLE_IDENTIFIER = "nyu.edu.-NtryTests";
				PRODUCT_NAME = "$(TARGET_NAME)";
				SWIFT_VERSION = 3.0;
				TEST_HOST = "$(BUILT_PRODUCTS_DIR)/'Ntry.app/'Ntry";
			};
			name = Release;
		};
		82EBC1B31EA6CC1F008A7725 /* Debug */ = {
			isa = XCBuildConfiguration;
			buildSettings = {
				ALWAYS_EMBED_SWIFT_STANDARD_LIBRARIES = YES;
				INFOPLIST_FILE = "'NtryUITests/Info.plist";
				LD_RUNPATH_SEARCH_PATHS = "$(inherited) @executable_path/Frameworks @loader_path/Frameworks";
				PRODUCT_BUNDLE_IDENTIFIER = "nyu.edu.-NtryUITests";
				PRODUCT_NAME = "$(TARGET_NAME)";
				SWIFT_VERSION = 3.0;
				TEST_TARGET_NAME = "'Ntry";
			};
			name = Debug;
		};
		82EBC1B41EA6CC1F008A7725 /* Release */ = {
			isa = XCBuildConfiguration;
			buildSettings = {
				ALWAYS_EMBED_SWIFT_STANDARD_LIBRARIES = YES;
				INFOPLIST_FILE = "'NtryUITests/Info.plist";
				LD_RUNPATH_SEARCH_PATHS = "$(inherited) @executable_path/Frameworks @loader_path/Frameworks";
				PRODUCT_BUNDLE_IDENTIFIER = "nyu.edu.-NtryUITests";
				PRODUCT_NAME = "$(TARGET_NAME)";
				SWIFT_VERSION = 3.0;
				TEST_TARGET_NAME = "'Ntry";
			};
			name = Release;
		};
/* End XCBuildConfiguration section */

/* Begin XCConfigurationList section */
		82EBC17F1EA6CC1F008A7725 /* Build configuration list for PBXProject "'Ntry" */ = {
			isa = XCConfigurationList;
			buildConfigurations = (
				82EBC1AA1EA6CC1F008A7725 /* Debug */,
				82EBC1AB1EA6CC1F008A7725 /* Release */,
			);
			defaultConfigurationIsVisible = 0;
			defaultConfigurationName = Release;
		};
		82EBC1AC1EA6CC1F008A7725 /* Build configuration list for PBXNativeTarget "'Ntry" */ = {
			isa = XCConfigurationList;
			buildConfigurations = (
				82EBC1AD1EA6CC1F008A7725 /* Debug */,
				82EBC1AE1EA6CC1F008A7725 /* Release */,
			);
			defaultConfigurationIsVisible = 0;
			defaultConfigurationName = Release;
		};
		82EBC1AF1EA6CC1F008A7725 /* Build configuration list for PBXNativeTarget "'NtryTests" */ = {
			isa = XCConfigurationList;
			buildConfigurations = (
				82EBC1B01EA6CC1F008A7725 /* Debug */,
				82EBC1B11EA6CC1F008A7725 /* Release */,
			);
			defaultConfigurationIsVisible = 0;
			defaultConfigurationName = Release;
		};
		82EBC1B21EA6CC1F008A7725 /* Build configuration list for PBXNativeTarget "'NtryUITests" */ = {
			isa = XCConfigurationList;
			buildConfigurations = (
				82EBC1B31EA6CC1F008A7725 /* Debug */,
				82EBC1B41EA6CC1F008A7725 /* Release */,
			);
			defaultConfigurationIsVisible = 0;
			defaultConfigurationName = Release;
		};
/* End XCConfigurationList section */
	};
	rootObject = 82EBC17C1EA6CC1F008A7725 /* Project object */;
}
